
Microsoft Visual Studio Solution File, Format Version 12.00
# Visual Studio 2012
Project("{FAE04EC0-301F-11D3-BF4B-00C04F79EFBC}") = "AppWhileSumaPromedio", "AppWhileSumaPromedio\AppWhileSumaPromedio.csproj", "{D0211F70-7608-46A6-9EF0-B01D0F0CFEF3}"
EndProject
Global
	GlobalSection(SolutionConfigurationPlatforms) = preSolution
		Debug|Any CPU = Debug|Any CPU
		Release|Any CPU = Release|Any CPU
	EndGlobalSection
	GlobalSection(ProjectConfigurationPlatforms) = postSolution
		{D0211F70-7608-46A6-9EF0-B01D0F0CFEF3}.Debug|Any CPU.ActiveCfg = Debug|Any CPU
		{D0211F70-7608-46A6-9EF0-B01D0F0CFEF3}.Debug|Any CPU.Build.0 = Debug|Any CPU
		{D0211F70-7608-46A6-9EF0-B01D0F0CFEF3}.Release|Any CPU.ActiveCfg = Release|Any CPU
		{D0211F70-7608-46A6-9EF0-B01D0F0CFEF3}.Release|Any CPU.Build.0 = Release|Any CPU
	EndGlobalSection
	GlobalSection(SolutionProperties) = preSolution
		HideSolutionNode = FALSE
	EndGlobalSection
EndGlobal
